
Microsoft Visual Studio Solution File, Format Version 12.00
# Visual Studio Version 16
VisualStudioVersion = 16.0.31515.178
MinimumVisualStudioVersion = 10.0.40219.1
Project("{FAE04EC0-301F-11D3-BF4B-00C04F79EFBC}") = "VentaRepuestosConsola", "VentaRepuestosConsola\VentaRepuestosConsola.csproj", "{16004990-CB68-444A-9973-5EBD7E14D0D9}"
EndProject
Project("{FAE04EC0-301F-11D3-BF4B-00C04F79EFBC}") = "ClassLibraryRepuestos", "ClassLibraryRepuestos\ClassLibraryRepuestos.csproj", "{585F2599-6509-4FD3-A4B0-5B389E430217}"
EndProject
Global
	GlobalSection(SolutionConfigurationPlatforms) = preSolution
		Debug|Any CPU = Debug|Any CPU
		Release|Any CPU = Release|Any CPU
	EndGlobalSection
	GlobalSection(ProjectConfigurationPlatforms) = postSolution
		{16004990-CB68-444A-9973-5EBD7E14D0D9}.Debug|Any CPU.ActiveCfg = Debug|Any CPU
		{16004990-CB68-444A-9973-5EBD7E14D0D9}.Debug|Any CPU.Build.0 = Debug|Any CPU
		{16004990-CB68-444A-9973-5EBD7E14D0D9}.Release|Any CPU.ActiveCfg = Release|Any CPU
		{16004990-CB68-444A-9973-5EBD7E14D0D9}.Release|Any CPU.Build.0 = Release|Any CPU
		{585F2599-6509-4FD3-A4B0-5B389E430217}.Debug|Any CPU.ActiveCfg = Debug|Any CPU
		{585F2599-6509-4FD3-A4B0-5B389E430217}.Debug|Any CPU.Build.0 = Debug|Any CPU
		{585F2599-6509-4FD3-A4B0-5B389E430217}.Release|Any CPU.ActiveCfg = Release|Any CPU
		{585F2599-6509-4FD3-A4B0-5B389E430217}.Release|Any CPU.Build.0 = Release|Any CPU
	EndGlobalSection
	GlobalSection(SolutionProperties) = preSolution
		HideSolutionNode = FALSE
	EndGlobalSection
	GlobalSection(ExtensibilityGlobals) = postSolution
		SolutionGuid = {3A8F203D-EDDD-484D-89F1-6494A56EF34E}
	EndGlobalSection
EndGlobal
